
Microsoft Visual Studio Solution File, Format Version 12.00
# Visual Studio Version 17
VisualStudioVersion = 17.14.36623.8
MinimumVisualStudioVersion = 10.0.40219.1
Project("{FAE04EC0-301F-11D3-BF4B-00C04F79EFBC}") = "BaseClinic", "backend\BaseClinic.csproj", "{8653A43E-C44B-405A-1B29-EB6FB2799379}"
EndProject
Global
	GlobalSection(SolutionConfigurationPlatforms) = preSolution
		Debug|Any CPU = Debug|Any CPU
		Release|Any CPU = Release|Any CPU
	EndGlobalSection
	GlobalSection(ProjectConfigurationPlatforms) = postSolution
		{8653A43E-C44B-405A-1B29-EB6FB2799379}.Debug|Any CPU.ActiveCfg = Debug|Any CPU
		{8653A43E-C44B-405A-1B29-EB6FB2799379}.Debug|Any CPU.Build.0 = Debug|Any CPU
		{8653A43E-C44B-405A-1B29-EB6FB2799379}.Release|Any CPU.ActiveCfg = Release|Any CPU
		{8653A43E-C44B-405A-1B29-EB6FB2799379}.Release|Any CPU.Build.0 = Release|Any CPU
	EndGlobalSection
	GlobalSection(SolutionProperties) = preSolution
		HideSolutionNode = FALSE
	EndGlobalSection
	GlobalSection(ExtensibilityGlobals) = postSolution
		SolutionGuid = {A1BCB956-6D60-428A-AF92-5E1419AAED7C}
	EndGlobalSection
EndGlobal
